
Microsoft Visual Studio Solution File, Format Version 12.00
Project("{FAE04EC0-301F-11D3-BF4B-00C04F79EFBC}") = "eb4395u202312031", "eb4395u202312031\eb4395u202312031.csproj", "{A19C6155-CAA8-4BD2-B35A-0851CBCBEFFB}"
EndProject
Global
	GlobalSection(SolutionConfigurationPlatforms) = preSolution
		Debug|Any CPU = Debug|Any CPU
		Release|Any CPU = Release|Any CPU
	EndGlobalSection
	GlobalSection(ProjectConfigurationPlatforms) = postSolution
		{A19C6155-CAA8-4BD2-B35A-0851CBCBEFFB}.Debug|Any CPU.ActiveCfg = Debug|Any CPU
		{A19C6155-CAA8-4BD2-B35A-0851CBCBEFFB}.Debug|Any CPU.Build.0 = Debug|Any CPU
		{A19C6155-CAA8-4BD2-B35A-0851CBCBEFFB}.Release|Any CPU.ActiveCfg = Release|Any CPU
		{A19C6155-CAA8-4BD2-B35A-0851CBCBEFFB}.Release|Any CPU.Build.0 = Release|Any CPU
	EndGlobalSection
EndGlobal
